// !$*UTF8*$!
{
	archiveVersion = 1;
	classes = {
	};
	objectVersion = 55;
	objects = {

/* Begin PBXBuildFile section */
		C28408D528815B5E002E3352 /* AppDelegate.swift in Sources */ = {isa = PBXBuildFile; fileRef = C28408D428815B5E002E3352 /* AppDelegate.swift */; };
		C28408D728815B5F002E3352 /* SceneDelegate.swift in Sources */ = {isa = PBXBuildFile; fileRef = C28408D628815B5F002E3352 /* SceneDelegate.swift */; };
		C28408D928815B5F002E3352 /* ViewController.swift in Sources */ = {isa = PBXBuildFile; fileRef = C28408D828815B5F002E3352 /* ViewController.swift */; };
		C28408DC28815B5F002E3352 /* Main.storyboard in Resources */ = {isa = PBXBuildFile; fileRef = C28408DA28815B5F002E3352 /* Main.storyboard */; };
		C28408DE28815B62002E3352 /* Assets.xcassets in Resources */ = {isa = PBXBuildFile; fileRef = C28408DD28815B62002E3352 /* Assets.xcassets */; };
		C28408E128815B62002E3352 /* LaunchScreen.storyboard in Resources */ = {isa = PBXBuildFile; fileRef = C28408DF28815B62002E3352 /* LaunchScreen.storyboard */; };
		C28408EA28818361002E3352 /* NonMainActorObject.swift in Sources */ = {isa = PBXBuildFile; fileRef = C28408E928818360002E3352 /* NonMainActorObject.swift */; };
		C28408EC288183DC002E3352 /* ThreadLogger.swift in Sources */ = {isa = PBXBuildFile; fileRef = C28408EB288183DC002E3352 /* ThreadLogger.swift */; };
		C28408EE288188AE002E3352 /* ButtonCreater.swift in Sources */ = {isa = PBXBuildFile; fileRef = C28408ED288188AE002E3352 /* ButtonCreater.swift */; };
/* End PBXBuildFile section */

/* Begin PBXFileReference section */
		C28408D128815B5E002E3352 /* TaskTest.app */ = {isa = PBXFileReference; explicitFileType = wrapper.application; includeInIndex = 0; path = TaskTest.app; sourceTree = BUILT_PRODUCTS_DIR; };
		C28408D428815B5E002E3352 /* AppDelegate.swift */ = {isa = PBXFileReference; lastKnownFileType = sourcecode.swift; path = AppDelegate.swift; sourceTree = "<group>"; };
		C28408D628815B5F002E3352 /* SceneDelegate.swift */ = {isa = PBXFileReference; lastKnownFileType = sourcecode.swift; path = SceneDelegate.swift; sourceTree = "<group>"; };
		C28408D828815B5F002E3352 /* ViewController.swift */ = {isa = PBXFileReference; lastKnownFileType = sourcecode.swift; path = ViewController.swift; sourceTree = "<group>"; };
		C28408DB28815B5F002E3352 /* Base */ = {isa = PBXFileReference; lastKnownFileType = file.storyboard; name = Base; path = Base.lproj/Main.storyboard; sourceTree = "<group>"; };
		C28408DD28815B62002E3352 /* Assets.xcassets */ = {isa = PBXFileReference; lastKnownFileType = folder.assetcatalog; path = Assets.xcassets; sourceTree = "<group>"; };
		C28408E028815B62002E3352 /* Base */ = {isa = PBXFileReference; lastKnownFileType = file.storyboard; name = Base; path = Base.lproj/LaunchScreen.storyboard; sourceTree = "<group>"; };
		C28408E228815B62002E3352 /* Info.plist */ = {isa = PBXFileReference; lastKnownFileType = text.plist.xml; path = Info.plist; sourceTree = "<group>"; };
		C28408E928818360002E3352 /* NonMainActorObject.swift */ = {isa = PBXFileReference; lastKnownFileType = sourcecode.swift; path = NonMainActorObject.swift; sourceTree = "<group>"; };
		C28408EB288183DC002E3352 /* ThreadLogger.swift */ = {isa = PBXFileReference; lastKnownFileType = sourcecode.swift; path = ThreadLogger.swift; sourceTree = "<group>"; };
		C28408ED288188AE002E3352 /* ButtonCreater.swift */ = {isa = PBXFileReference; lastKnownFileType = sourcecode.swift; path = ButtonCreater.swift; sourceTree = "<group>"; };
/* End PBXFileReference section */

/* Begin PBXFrameworksBuildPhase section */
		C28408CE28815B5E002E3352 /* Frameworks */ = {
			isa = PBXFrameworksBuildPhase;
			buildActionMask = 2147483647;
			files = (
			);
			runOnlyForDeploymentPostprocessing = 0;
		};
/* End PBXFrameworksBuildPhase section */

/* Begin PBXGroup section */
		C28408C828815B5E002E3352 = {
			isa = PBXGroup;
			children = (
				C28408D328815B5E002E3352 /* TaskTest */,
				C28408D228815B5E002E3352 /* Products */,
			);
			sourceTree = "<group>";
		};
		C28408D228815B5E002E3352 /* Products */ = {
			isa = PBXGroup;
			children = (
				C28408D128815B5E002E3352 /* TaskTest.app */,
			);
			name = Products;
			sourceTree = "<group>";
		};
		C28408D328815B5E002E3352 /* TaskTest */ = {
			isa = PBXGroup;
			children = (
				C28408E928818360002E3352 /* NonMainActorObject.swift */,
				C28408EB288183DC002E3352 /* ThreadLogger.swift */,
				C28408ED288188AE002E3352 /* ButtonCreater.swift */,
				C28408D428815B5E002E3352 /* AppDelegate.swift */,
				C28408D628815B5F002E3352 /* SceneDelegate.swift */,
				C28408D828815B5F002E3352 /* ViewController.swift */,
				C28408DA28815B5F002E3352 /* Main.storyboard */,
				C28408DD28815B62002E3352 /* Assets.xcassets */,
				C28408DF28815B62002E3352 /* LaunchScreen.storyboard */,
				C28408E228815B62002E3352 /* Info.plist */,
			);
			path = TaskTest;
			sourceTree = "<group>";
		};
/* End PBXGroup section */

/* Begin PBXNativeTarget section */
		C28408D028815B5E002E3352 /* TaskTest */ = {
			isa = PBXNativeTarget;
			buildConfigurationList = C28408E528815B62002E3352 /* Build configuration list for PBXNativeTarget "TaskTest" */;
			buildPhases = (
				C28408CD28815B5E002E3352 /* Sources */,
				C28408CE28815B5E002E3352 /* Frameworks */,
				C28408CF28815B5E002E3352 /* Resources */,
			);
			buildRules = (
			);
			dependencies = (
			);
			name = TaskTest;
			productName = TaskTest;
			productReference = C28408D128815B5E002E3352 /* TaskTest.app */;
			productType = "com.apple.product-type.application";
		};
/* End PBXNativeTarget section */

/* Begin PBXProject section */
		C28408C928815B5E002E3352 /* Project object */ = {
			isa = PBXProject;
			attributes = {
				BuildIndependentTargetsInParallel = 1;
				LastSwiftUpdateCheck = 1320;
				LastUpgradeCheck = 1320;
				TargetAttributes = {
					C28408D028815B5E002E3352 = {
						CreatedOnToolsVersion = 13.2.1;
					};
				};
			};
			buildConfigurationList = C28408CC28815B5E002E3352 /* Build configuration list for PBXProject "TaskTest" */;
			compatibilityVersion = "Xcode 13.0";
			developmentRegion = en;
			hasScannedForEncodings = 0;
			knownRegions = (
				en,
				Base,
			);
			mainGroup = C28408C828815B5E002E3352;
			productRefGroup = C28408D228815B5E002E3352 /* Products */;
			projectDirPath = "";
			projectRoot = "";
			targets = (
				C28408D028815B5E002E3352 /* TaskTest */,
			);
		};
/* End PBXProject section */

/* Begin PBXResourcesBuildPhase section */
		C28408CF28815B5E002E3352 /* Resources */ = {
			isa = PBXResourcesBuildPhase;
			buildActionMask = 2147483647;
			files = (
				C28408E128815B62002E3352 /* LaunchScreen.storyboard in Resources */,
				C28408DE28815B62002E3352 /* Assets.xcassets in Resources */,
				C28408DC28815B5F002E3352 /* Main.storyboard in Resources */,
			);
			runOnlyForDeploymentPostprocessing = 0;
		};
/* End PBXResourcesBuildPhase section */

/* Begin PBXSourcesBuildPhase section */
		C28408CD28815B5E002E3352 /* Sources */ = {
			isa = PBXSourcesBuildPhase;
			buildActionMask = 2147483647;
			files = (
				C28408EC288183DC002E3352 /* ThreadLogger.swift in Sources */,
				C28408D928815B5F002E3352 /* ViewController.swift in Sources */,
				C28408D528815B5E002E3352 /* AppDelegate.swift in Sources */,
				C28408D728815B5F002E3352 /* SceneDelegate.swift in Sources */,
				C28408EE288188AE002E3352 /* ButtonCreater.swift in Sources */,
				C28408EA28818361002E3352 /* NonMainActorObject.swift in Sources */,
			);
			runOnlyForDeploymentPostprocessing = 0;
		};
/* End PBXSourcesBuildPhase section */

/* Begin PBXVariantGroup section */
		C28408DA28815B5F002E3352 /* Main.storyboard */ = {
			isa = PBXVariantGroup;
			children = (
				C28408DB28815B5F002E3352 /* Base */,
			);
			name = Main.storyboard;
			sourceTree = "<group>";
		};
		C28408DF28815B62002E3352 /* LaunchScreen.storyboard */ = {
			isa = PBXVariantGroup;
			children = (
				C28408E028815B62002E3352 /* Base */,
			);
			name = LaunchScreen.storyboard;
			sourceTree = "<group>";
		};
/* End PBXVariantGroup section */

/* Begin XCBuildConfiguration section */
		C28408E328815B62002E3352 /* Debug */ = {
			isa = XCBuildConfiguration;
			buildSettings = {
				ALWAYS_SEARCH_USER_PATHS = NO;
				CLANG_ANALYZER_NONNULL = YES;
				CLANG_ANALYZER_NUMBER_OBJECT_CONVERSION = YES_AGGRESSIVE;
				CLANG_CXX_LANGUAGE_STANDARD = "gnu++17";
				CLANG_CXX_LIBRARY = "libc++";
				CLANG_ENABLE_MODULES = YES;
				CLANG_ENABLE_OBJC_ARC = YES;
				CLANG_ENABLE_OBJC_WEAK = YES;
				CLANG_WARN_BLOCK_CAPTURE_AUTORELEASING = YES;
				CLANG_WARN_BOOL_CONVERSION = YES;
				CLANG_WARN_COMMA = YES;
				CLANG_WARN_CONSTANT_CONVERSION = YES;
				CLANG_WARN_DEPRECATED_OBJC_IMPLEMENTATIONS = YES;
				CLANG_WARN_DIRECT_OBJC_ISA_USAGE = YES_ERROR;
				CLANG_WARN_DOCUMENTATION_COMMENTS = YES;
				CLANG_WARN_EMPTY_BODY = YES;
				CLANG_WARN_ENUM_CONVERSION = YES;
				CLANG_WARN_INFINITE_RECURSION = YES;
				CLANG_WARN_INT_CONVERSION = YES;
				CLANG_WARN_NON_LITERAL_NULL_CONVERSION = YES;
				CLANG_WARN_OBJC_IMPLICIT_RETAIN_SELF = YES;
				CLANG_WARN_OBJC_LITERAL_CONVERSION = YES;
				CLANG_WARN_OBJC_ROOT_CLASS = YES_ERROR;
				CLANG_WARN_QUOTED_INCLUDE_IN_FRAMEWORK_HEADER = YES;
				CLANG_WARN_RANGE_LOOP_ANALYSIS = YES;
				CLANG_WARN_STRICT_PROTOTYPES = YES;
				CLANG_WARN_SUSPICIOUS_MOVE = YES;
				CLANG_WARN_UNGUARDED_AVAILABILITY = YES_AGGRESSIVE;
				CLANG_WARN_UNREACHABLE_CODE = YES;
				CLANG_WARN__DUPLICATE_METHOD_MATCH = YES;
				COPY_PHASE_STRIP = NO;
				DEBUG_INFORMATION_FORMAT = dwarf;
				ENABLE_STRICT_OBJC_MSGSEND = YES;
				ENABLE_TESTABILITY = YES;
				GCC_C_LANGUAGE_STANDARD = gnu11;
				GCC_DYNAMIC_NO_PIC = NO;
				GCC_NO_COMMON_BLOCKS = YES;
				GCC_OPTIMIZATION_LEVEL = 0;
				GCC_PREPROCESSOR_DEFINITIONS = (
					"DEBUG=1",
					"$(inherited)",
				);
				GCC_WARN_64_TO_32_BIT_CONVERSION = YES;
				GCC_WARN_ABOUT_RETURN_TYPE = YES_ERROR;
				GCC_WARN_UNDECLARED_SELECTOR = YES;
				GCC_WARN_UNINITIALIZED_AUTOS = YES_AGGRESSIVE;
				GCC_WARN_UNUSED_FUNCTION = YES;
				GCC_WARN_UNUSED_VARIABLE = YES;
				IPHONEOS_DEPLOYMENT_TARGET = 15.2;
				MTL_ENABLE_DEBUG_INFO = INCLUDE_SOURCE;
				MTL_FAST_MATH = YES;
				ONLY_ACTIVE_ARCH = YES;
				SDKROOT = iphoneos;
				SWIFT_ACTIVE_COMPILATION_CONDITIONS = DEBUG;
				SWIFT_OPTIMIZATION_LEVEL = "-Onone";
			};
			name = Debug;
		};
		C28408E428815B62002E3352 /* Release */ = {
			isa = XCBuildConfiguration;
			buildSettings = {
				ALWAYS_SEARCH_USER_PATHS = NO;
				CLANG_ANALYZER_NONNULL = YES;
				CLANG_ANALYZER_NUMBER_OBJECT_CONVERSION = YES_AGGRESSIVE;
				CLANG_CXX_LANGUAGE_STANDARD = "gnu++17";
				CLANG_CXX_LIBRARY = "libc++";
				CLANG_ENABLE_MODULES = YES;
				CLANG_ENABLE_OBJC_ARC = YES;
				CLANG_ENABLE_OBJC_WEAK = YES;
				CLANG_WARN_BLOCK_CAPTURE_AUTORELEASING = YES;
				CLANG_WARN_BOOL_CONVERSION = YES;
				CLANG_WARN_COMMA = YES;
				CLANG_WARN_CONSTANT_CONVERSION = YES;
				CLANG_WARN_DEPRECATED_OBJC_IMPLEMENTATIONS = YES;
				CLANG_WARN_DIRECT_OBJC_ISA_USAGE = YES_ERROR;
				CLANG_WARN_DOCUMENTATION_COMMENTS = YES;
				CLANG_WARN_EMPTY_BODY = YES;
				CLANG_WARN_ENUM_CONVERSION = YES;
				CLANG_WARN_INFINITE_RECURSION = YES;
				CLANG_WARN_INT_CONVERSION = YES;
				CLANG_WARN_NON_LITERAL_NULL_CONVERSION = YES;
				CLANG_WARN_OBJC_IMPLICIT_RETAIN_SELF = YES;
				CLANG_WARN_OBJC_LITERAL_CONVERSION = YES;
				CLANG_WARN_OBJC_ROOT_CLASS = YES_ERROR;
				CLANG_WARN_QUOTED_INCLUDE_IN_FRAMEWORK_HEADER = YES;
				CLANG_WARN_RANGE_LOOP_ANALYSIS = YES;
				CLANG_WARN_STRICT_PROTOTYPES = YES;
				CLANG_WARN_SUSPICIOUS_MOVE = YES;
				CLANG_WARN_UNGUARDED_AVAILABILITY = YES_AGGRESSIVE;
				CLANG_WARN_UNREACHABLE_CODE = YES;
				CLANG_WARN__DUPLICATE_METHOD_MATCH = YES;
				COPY_PHASE_STRIP = NO;
				DEBUG_INFORMATION_FORMAT = "dwarf-with-dsym";
				ENABLE_NS_ASSERTIONS = NO;
				ENABLE_STRICT_OBJC_MSGSEND = YES;
				GCC_C_LANGUAGE_STANDARD = gnu11;
				GCC_NO_COMMON_BLOCKS = YES;
				GCC_WARN_64_TO_32_BIT_CONVERSION = YES;
				GCC_WARN_ABOUT_RETURN_TYPE = YES_ERROR;
				GCC_WARN_UNDECLARED_SELECTOR = YES;
				GCC_WARN_UNINITIALIZED_AUTOS = YES_AGGRESSIVE;
				GCC_WARN_UNUSED_FUNCTION = YES;
				GCC_WARN_UNUSED_VARIABLE = YES;
				IPHONEOS_DEPLOYMENT_TARGET = 15.2;
				MTL_ENABLE_DEBUG_INFO = NO;
				MTL_FAST_MATH = YES;
				SDKROOT = iphoneos;
				SWIFT_COMPILATION_MODE = wholemodule;
				SWIFT_OPTIMIZATION_LEVEL = "-O";
				VALIDATE_PRODUCT = YES;
			};
			name = Release;
		};
		C28408E628815B62002E3352 /* Debug */ = {
			isa = XCBuildConfiguration;
			buildSettings = {
				ASSETCATALOG_COMPILER_APPICON_NAME = AppIcon;
				ASSETCATALOG_COMPILER_GLOBAL_ACCENT_COLOR_NAME = AccentColor;
				CODE_SIGN_STYLE = Automatic;
				CURRENT_PROJECT_VERSION = 1;
				DEVELOPMENT_TEAM = K6448RX2CR;
				GENERATE_INFOPLIST_FILE = YES;
				INFOPLIST_FILE = TaskTest/Info.plist;
				INFOPLIST_KEY_UIApplicationSupportsIndirectInputEvents = YES;
				INFOPLIST_KEY_UILaunchStoryboardName = LaunchScreen;
				INFOPLIST_KEY_UIMainStoryboardFile = Main;
				INFOPLIST_KEY_UISupportedInterfaceOrientations_iPad = "UIInterfaceOrientationPortrait UIInterfaceOrientationPortraitUpsideDown UIInterfaceOrientationLandscapeLeft UIInterfaceOrientationLandscapeRight";
				INFOPLIST_KEY_UISupportedInterfaceOrientations_iPhone = "UIInterfaceOrientationPortrait UIInterfaceOrientationLandscapeLeft UIInterfaceOrientationLandscapeRight";
				LD_RUNPATH_SEARCH_PATHS = (
					"$(inherited)",
					"@executable_path/Frameworks",
				);
				MARKETING_VERSION = 1.0;
				PRODUCT_BUNDLE_IDENTIFIER = com.msk7529.TaskTest;
				PRODUCT_NAME = "$(TARGET_NAME)";
				SWIFT_EMIT_LOC_STRINGS = YES;
				SWIFT_VERSION = 5.0;
				TARGETED_DEVICE_FAMILY = "1,2";
			};
			name = Debug;
		};
		C28408E728815B62002E3352 /* Release */ = {
			isa = XCBuildConfiguration;
			buildSettings = {
				ASSETCATALOG_COMPILER_APPICON_NAME = AppIcon;
				ASSETCATALOG_COMPILER_GLOBAL_ACCENT_COLOR_NAME = AccentColor;
				CODE_SIGN_STYLE = Automatic;
				CURRENT_PROJECT_VERSION = 1;
				DEVELOPMENT_TEAM = K6448RX2CR;
				GENERATE_INFOPLIST_FILE = YES;
				INFOPLIST_FILE = TaskTest/Info.plist;
				INFOPLIST_KEY_UIApplicationSupportsIndirectInputEvents = YES;
				INFOPLIST_KEY_UILaunchStoryboardName = LaunchScreen;
				INFOPLIST_KEY_UIMainStoryboardFile = Main;
				INFOPLIST_KEY_UISupportedInterfaceOrientations_iPad = "UIInterfaceOrientationPortrait UIInterfaceOrientationPortraitUpsideDown UIInterfaceOrientationLandscapeLeft UIInterfaceOrientationLandscapeRight";
				INFOPLIST_KEY_UISupportedInterfaceOrientations_iPhone = "UIInterfaceOrientationPortrait UIInterfaceOrientationLandscapeLeft UIInterfaceOrientationLandscapeRight";
				LD_RUNPATH_SEARCH_PATHS = (
					"$(inherited)",
					"@executable_path/Frameworks",
				);
				MARKETING_VERSION = 1.0;
				PRODUCT_BUNDLE_IDENTIFIER = com.msk7529.TaskTest;
				PRODUCT_NAME = "$(TARGET_NAME)";
				SWIFT_EMIT_LOC_STRINGS = YES;
				SWIFT_VERSION = 5.0;
				TARGETED_DEVICE_FAMILY = "1,2";
			};
			name = Release;
		};
/* End XCBuildConfiguration section */

/* Begin XCConfigurationList section */
		C28408CC28815B5E002E3352 /* Build configuration list for PBXProject "TaskTest" */ = {
			isa = XCConfigurationList;
			buildConfigurations = (
				C28408E328815B62002E3352 /* Debug */,
				C28408E428815B62002E3352 /* Release */,
			);
			defaultConfigurationIsVisible = 0;
			defaultConfigurationName = Release;
		};
		C28408E528815B62002E3352 /* Build configuration list for PBXNativeTarget "TaskTest" */ = {
			isa = XCConfigurationList;
			buildConfigurations = (
				C28408E628815B62002E3352 /* Debug */,
				C28408E728815B62002E3352 /* Release */,
			);
			defaultConfigurationIsVisible = 0;
			defaultConfigurationName = Release;
		};
/* End XCConfigurationList section */
	};
	rootObject = C28408C928815B5E002E3352 /* Project object */;
}
